// !$*UTF8*$!
{
	archiveVersion = 1;
	classes = {
	};
	objectVersion = 46;
	objects = {

/* Begin PBXBuildFile section */
		7D9AA2431DF35BBC0090069B /* AppDelegate.swift in Sources */ = {isa = PBXBuildFile; fileRef = 7D9AA2421DF35BBC0090069B /* AppDelegate.swift */; };
		7D9AA2461DF35BBC0090069B /* usotsuki.xcdatamodeld in Sources */ = {isa = PBXBuildFile; fileRef = 7D9AA2441DF35BBC0090069B /* usotsuki.xcdatamodeld */; };
		7D9AA2481DF35BBC0090069B /* Assets.xcassets in Resources */ = {isa = PBXBuildFile; fileRef = 7D9AA2471DF35BBC0090069B /* Assets.xcassets */; };
		7D9AA24B1DF35BBC0090069B /* MainMenu.xib in Resources */ = {isa = PBXBuildFile; fileRef = 7D9AA2491DF35BBC0090069B /* MainMenu.xib */; };
		7D9AA2561DF35BBC0090069B /* usotsukiTests.swift in Sources */ = {isa = PBXBuildFile; fileRef = 7D9AA2551DF35BBC0090069B /* usotsukiTests.swift */; };
		7D9AA2651DF360690090069B /* EditorWindowController.swift in Sources */ = {isa = PBXBuildFile; fileRef = 7D9AA2641DF360690090069B /* EditorWindowController.swift */; };
		7D9AA2671DF363F70090069B /* EditorWindowController.xib in Resources */ = {isa = PBXBuildFile; fileRef = 7D9AA2661DF363F70090069B /* EditorWindowController.xib */; };
		7D9AA2791DF3A60E0090069B /* Entry.swift in Sources */ = {isa = PBXBuildFile; fileRef = 7D9AA2781DF3A60E0090069B /* Entry.swift */; };
		7D9AA27C1DF3A6740090069B /* LocalEntry.swift in Sources */ = {isa = PBXBuildFile; fileRef = 7D9AA27B1DF3A6740090069B /* LocalEntry.swift */; };
		7D9AA27E1DF3A68B0090069B /* RemoteEntry.swift in Sources */ = {isa = PBXBuildFile; fileRef = 7D9AA27D1DF3A68B0090069B /* RemoteEntry.swift */; };
		7D9AA2801DF3A7E10090069B /* CombinedEntry.swift in Sources */ = {isa = PBXBuildFile; fileRef = 7D9AA27F1DF3A7E10090069B /* CombinedEntry.swift */; };
		7DC69C2A1DF4DEB8009F66C2 /* HostsModel.swift in Sources */ = {isa = PBXBuildFile; fileRef = 7DC69C291DF4DEB8009F66C2 /* HostsModel.swift */; };
		7DC69C2C1DF4E26C009F66C2 /* Grouping.swift in Sources */ = {isa = PBXBuildFile; fileRef = 7DC69C2B1DF4E26C009F66C2 /* Grouping.swift */; };
/* End PBXBuildFile section */

/* Begin PBXContainerItemProxy section */
		7D9AA2521DF35BBC0090069B /* PBXContainerItemProxy */ = {
			isa = PBXContainerItemProxy;
			containerPortal = 7D9AA2371DF35BBC0090069B /* Project object */;
			proxyType = 1;
			remoteGlobalIDString = 7D9AA23E1DF35BBC0090069B;
			remoteInfo = usotsuki;
		};
/* End PBXContainerItemProxy section */

/* Begin PBXFileReference section */
		7D9AA23F1DF35BBC0090069B /* usotsuki.app */ = {isa = PBXFileReference; explicitFileType = wrapper.application; includeInIndex = 0; path = usotsuki.app; sourceTree = BUILT_PRODUCTS_DIR; };
		7D9AA2421DF35BBC0090069B /* AppDelegate.swift */ = {isa = PBXFileReference; indentWidth = 2; lastKnownFileType = sourcecode.swift; path = AppDelegate.swift; sourceTree = "<group>"; tabWidth = 2; };
		7D9AA2451DF35BBC0090069B /* usotsuki.xcdatamodel */ = {isa = PBXFileReference; lastKnownFileType = wrapper.xcdatamodel; path = usotsuki.xcdatamodel; sourceTree = "<group>"; };
		7D9AA2471DF35BBC0090069B /* Assets.xcassets */ = {isa = PBXFileReference; lastKnownFileType = folder.assetcatalog; path = Assets.xcassets; sourceTree = "<group>"; };
		7D9AA24A1DF35BBC0090069B /* Base */ = {isa = PBXFileReference; lastKnownFileType = file.xib; name = Base; path = Base.lproj/MainMenu.xib; sourceTree = "<group>"; };
		7D9AA24C1DF35BBC0090069B /* Info.plist */ = {isa = PBXFileReference; lastKnownFileType = text.plist.xml; path = Info.plist; sourceTree = "<group>"; };
		7D9AA2511DF35BBC0090069B /* usotsukiTests.xctest */ = {isa = PBXFileReference; explicitFileType = wrapper.cfbundle; includeInIndex = 0; path = usotsukiTests.xctest; sourceTree = BUILT_PRODUCTS_DIR; };
		7D9AA2551DF35BBC0090069B /* usotsukiTests.swift */ = {isa = PBXFileReference; lastKnownFileType = sourcecode.swift; path = usotsukiTests.swift; sourceTree = "<group>"; };
		7D9AA2571DF35BBC0090069B /* Info.plist */ = {isa = PBXFileReference; lastKnownFileType = text.plist.xml; path = Info.plist; sourceTree = "<group>"; };
		7D9AA2641DF360690090069B /* EditorWindowController.swift */ = {isa = PBXFileReference; fileEncoding = 4; lastKnownFileType = sourcecode.swift; path = EditorWindowController.swift; sourceTree = "<group>"; };
		7D9AA2661DF363F70090069B /* EditorWindowController.xib */ = {isa = PBXFileReference; fileEncoding = 4; lastKnownFileType = file.xib; path = EditorWindowController.xib; sourceTree = "<group>"; };
		7D9AA2781DF3A60E0090069B /* Entry.swift */ = {isa = PBXFileReference; fileEncoding = 4; lastKnownFileType = sourcecode.swift; name = Entry.swift; path = Data/Entry.swift; sourceTree = "<group>"; };
		7D9AA27B1DF3A6740090069B /* LocalEntry.swift */ = {isa = PBXFileReference; fileEncoding = 4; lastKnownFileType = sourcecode.swift; name = LocalEntry.swift; path = Data/LocalEntry.swift; sourceTree = "<group>"; };
		7D9AA27D1DF3A68B0090069B /* RemoteEntry.swift */ = {isa = PBXFileReference; fileEncoding = 4; lastKnownFileType = sourcecode.swift; name = RemoteEntry.swift; path = Data/RemoteEntry.swift; sourceTree = "<group>"; };
		7D9AA27F1DF3A7E10090069B /* CombinedEntry.swift */ = {isa = PBXFileReference; fileEncoding = 4; lastKnownFileType = sourcecode.swift; name = CombinedEntry.swift; path = Data/CombinedEntry.swift; sourceTree = "<group>"; };
		7DC69C291DF4DEB8009F66C2 /* HostsModel.swift */ = {isa = PBXFileReference; fileEncoding = 4; lastKnownFileType = sourcecode.swift; path = HostsModel.swift; sourceTree = "<group>"; };
		7DC69C2B1DF4E26C009F66C2 /* Grouping.swift */ = {isa = PBXFileReference; fileEncoding = 4; indentWidth = 2; lastKnownFileType = sourcecode.swift; path = Grouping.swift; sourceTree = "<group>"; tabWidth = 2; };
/* End PBXFileReference section */

/* Begin PBXFrameworksBuildPhase section */
		7D9AA23C1DF35BBC0090069B /* Frameworks */ = {
			isa = PBXFrameworksBuildPhase;
			buildActionMask = 2147483647;
			files = (
			);
			runOnlyForDeploymentPostprocessing = 0;
		};
		7D9AA24E1DF35BBC0090069B /* Frameworks */ = {
			isa = PBXFrameworksBuildPhase;
			buildActionMask = 2147483647;
			files = (
			);
			runOnlyForDeploymentPostprocessing = 0;
		};
/* End PBXFrameworksBuildPhase section */

/* Begin PBXGroup section */
		7D9AA2361DF35BBC0090069B = {
			isa = PBXGroup;
			children = (
				7D9AA2411DF35BBC0090069B /* usotsuki */,
				7D9AA2541DF35BBC0090069B /* usotsukiTests */,
				7D9AA2401DF35BBC0090069B /* Products */,
			);
			sourceTree = "<group>";
		};
		7D9AA2401DF35BBC0090069B /* Products */ = {
			isa = PBXGroup;
			children = (
				7D9AA23F1DF35BBC0090069B /* usotsuki.app */,
				7D9AA2511DF35BBC0090069B /* usotsukiTests.xctest */,
			);
			name = Products;
			sourceTree = "<group>";
		};
		7D9AA2411DF35BBC0090069B /* usotsuki */ = {
			isa = PBXGroup;
			children = (
				7D9AA2641DF360690090069B /* EditorWindowController.swift */,
				7D9AA2661DF363F70090069B /* EditorWindowController.xib */,
				7D9AA2421DF35BBC0090069B /* AppDelegate.swift */,
				7D9AA2471DF35BBC0090069B /* Assets.xcassets */,
				7D9AA2491DF35BBC0090069B /* MainMenu.xib */,
				7D9AA24C1DF35BBC0090069B /* Info.plist */,
				7D9AA2441DF35BBC0090069B /* usotsuki.xcdatamodeld */,
				7D9AA27A1DF3A65B0090069B /* Data */,
				7DC69C291DF4DEB8009F66C2 /* HostsModel.swift */,
			);
			path = usotsuki;
			sourceTree = "<group>";
		};
		7D9AA2541DF35BBC0090069B /* usotsukiTests */ = {
			isa = PBXGroup;
			children = (
				7D9AA2551DF35BBC0090069B /* usotsukiTests.swift */,
				7D9AA2571DF35BBC0090069B /* Info.plist */,
			);
			path = usotsukiTests;
			sourceTree = "<group>";
		};
		7D9AA27A1DF3A65B0090069B /* Data */ = {
			isa = PBXGroup;
			children = (
				7D9AA2781DF3A60E0090069B /* Entry.swift */,
				7D9AA27B1DF3A6740090069B /* LocalEntry.swift */,
				7D9AA27D1DF3A68B0090069B /* RemoteEntry.swift */,
				7D9AA27F1DF3A7E10090069B /* CombinedEntry.swift */,
				7DC69C2B1DF4E26C009F66C2 /* Grouping.swift */,
			);
			name = Data;
			sourceTree = "<group>";
		};
/* End PBXGroup section */

/* Begin PBXNativeTarget section */
		7D9AA23E1DF35BBC0090069B /* usotsuki */ = {
			isa = PBXNativeTarget;
			buildConfigurationList = 7D9AA25A1DF35BBC0090069B /* Build configuration list for PBXNativeTarget "usotsuki" */;
			buildPhases = (
				7D9AA23B1DF35BBC0090069B /* Sources */,
				7D9AA23C1DF35BBC0090069B /* Frameworks */,
				7D9AA23D1DF35BBC0090069B /* Resources */,
			);
			buildRules = (
			);
			dependencies = (
			);
			name = usotsuki;
			productName = usotsuki;
			productReference = 7D9AA23F1DF35BBC0090069B /* usotsuki.app */;
			productType = "com.apple.product-type.application";
		};
		7D9AA2501DF35BBC0090069B /* usotsukiTests */ = {
			isa = PBXNativeTarget;
			buildConfigurationList = 7D9AA25D1DF35BBC0090069B /* Build configuration list for PBXNativeTarget "usotsukiTests" */;
			buildPhases = (
				7D9AA24D1DF35BBC0090069B /* Sources */,
				7D9AA24E1DF35BBC0090069B /* Frameworks */,
				7D9AA24F1DF35BBC0090069B /* Resources */,
			);
			buildRules = (
			);
			dependencies = (
				7D9AA2531DF35BBC0090069B /* PBXTargetDependency */,
			);
			name = usotsukiTests;
			productName = usotsukiTests;
			productReference = 7D9AA2511DF35BBC0090069B /* usotsukiTests.xctest */;
			productType = "com.apple.product-type.bundle.unit-test";
		};
/* End PBXNativeTarget section */

/* Begin PBXProject section */
		7D9AA2371DF35BBC0090069B /* Project object */ = {
			isa = PBXProject;
			attributes = {
				LastSwiftUpdateCheck = 0810;
				LastUpgradeCheck = 0810;
				ORGANIZATIONNAME = "Trever Shick";
				TargetAttributes = {
					7D9AA23E1DF35BBC0090069B = {
						CreatedOnToolsVersion = 8.1;
						DevelopmentTeam = ZL9X23XQ2Y;
						ProvisioningStyle = Automatic;
					};
					7D9AA2501DF35BBC0090069B = {
						CreatedOnToolsVersion = 8.1;
						DevelopmentTeam = ZL9X23XQ2Y;
						ProvisioningStyle = Automatic;
						TestTargetID = 7D9AA23E1DF35BBC0090069B;
					};
				};
			};
			buildConfigurationList = 7D9AA23A1DF35BBC0090069B /* Build configuration list for PBXProject "usotsuki" */;
			compatibilityVersion = "Xcode 3.2";
			developmentRegion = English;
			hasScannedForEncodings = 0;
			knownRegions = (
				en,
				Base,
			);
			mainGroup = 7D9AA2361DF35BBC0090069B;
			productRefGroup = 7D9AA2401DF35BBC0090069B /* Products */;
			projectDirPath = "";
			projectRoot = "";
			targets = (
				7D9AA23E1DF35BBC0090069B /* usotsuki */,
				7D9AA2501DF35BBC0090069B /* usotsukiTests */,
			);
		};
/* End PBXProject section */

/* Begin PBXResourcesBuildPhase section */
		7D9AA23D1DF35BBC0090069B /* Resources */ = {
			isa = PBXResourcesBuildPhase;
			buildActionMask = 2147483647;
			files = (
				7D9AA2481DF35BBC0090069B /* Assets.xcassets in Resources */,
				7D9AA24B1DF35BBC0090069B /* MainMenu.xib in Resources */,
				7D9AA2671DF363F70090069B /* EditorWindowController.xib in Resources */,
			);
			runOnlyForDeploymentPostprocessing = 0;
		};
		7D9AA24F1DF35BBC0090069B /* Resources */ = {
			isa = PBXResourcesBuildPhase;
			buildActionMask = 2147483647;
			files = (
			);
			runOnlyForDeploymentPostprocessing = 0;
		};
/* End PBXResourcesBuildPhase section */

/* Begin PBXSourcesBuildPhase section */
		7D9AA23B1DF35BBC0090069B /* Sources */ = {
			isa = PBXSourcesBuildPhase;
			buildActionMask = 2147483647;
			files = (
				7D9AA27C1DF3A6740090069B /* LocalEntry.swift in Sources */,
				7D9AA2801DF3A7E10090069B /* CombinedEntry.swift in Sources */,
				7D9AA2791DF3A60E0090069B /* Entry.swift in Sources */,
				7D9AA2461DF35BBC0090069B /* usotsuki.xcdatamodeld in Sources */,
				7D9AA2431DF35BBC0090069B /* AppDelegate.swift in Sources */,
				7DC69C2C1DF4E26C009F66C2 /* Grouping.swift in Sources */,
				7DC69C2A1DF4DEB8009F66C2 /* HostsModel.swift in Sources */,
				7D9AA27E1DF3A68B0090069B /* RemoteEntry.swift in Sources */,
				7D9AA2651DF360690090069B /* EditorWindowController.swift in Sources */,
			);
			runOnlyForDeploymentPostprocessing = 0;
		};
		7D9AA24D1DF35BBC0090069B /* Sources */ = {
			isa = PBXSourcesBuildPhase;
			buildActionMask = 2147483647;
			files = (
				7D9AA2561DF35BBC0090069B /* usotsukiTests.swift in Sources */,
			);
			runOnlyForDeploymentPostprocessing = 0;
		};
/* End PBXSourcesBuildPhase section */

/* Begin PBXTargetDependency section */
		7D9AA2531DF35BBC0090069B /* PBXTargetDependency */ = {
			isa = PBXTargetDependency;
			target = 7D9AA23E1DF35BBC0090069B /* usotsuki */;
			targetProxy = 7D9AA2521DF35BBC0090069B /* PBXContainerItemProxy */;
		};
/* End PBXTargetDependency section */

/* Begin PBXVariantGroup section */
		7D9AA2491DF35BBC0090069B /* MainMenu.xib */ = {
			isa = PBXVariantGroup;
			children = (
				7D9AA24A1DF35BBC0090069B /* Base */,
			);
			name = MainMenu.xib;
			sourceTree = "<group>";
		};
/* End PBXVariantGroup section */

/* Begin XCBuildConfiguration section */
		7D9AA2581DF35BBC0090069B /* Debug */ = {
			isa = XCBuildConfiguration;
			buildSettings = {
				ALWAYS_SEARCH_USER_PATHS = NO;
				CLANG_ANALYZER_NONNULL = YES;
				CLANG_CXX_LANGUAGE_STANDARD = "gnu++0x";
				CLANG_CXX_LIBRARY = "libc++";
				CLANG_ENABLE_MODULES = YES;
				CLANG_ENABLE_OBJC_ARC = YES;
				CLANG_WARN_BOOL_CONVERSION = YES;
				CLANG_WARN_CONSTANT_CONVERSION = YES;
				CLANG_WARN_DIRECT_OBJC_ISA_USAGE = YES_ERROR;
				CLANG_WARN_DOCUMENTATION_COMMENTS = YES;
				CLANG_WARN_EMPTY_BODY = YES;
				CLANG_WARN_ENUM_CONVERSION = YES;
				CLANG_WARN_INFINITE_RECURSION = YES;
				CLANG_WARN_INT_CONVERSION = YES;
				CLANG_WARN_OBJC_ROOT_CLASS = YES_ERROR;
				CLANG_WARN_SUSPICIOUS_MOVES = YES;
				CLANG_WARN_UNREACHABLE_CODE = YES;
				CLANG_WARN__DUPLICATE_METHOD_MATCH = YES;
				CODE_SIGN_IDENTITY = "-";
				COPY_PHASE_STRIP = NO;
				DEBUG_INFORMATION_FORMAT = dwarf;
				ENABLE_STRICT_OBJC_MSGSEND = YES;
				ENABLE_TESTABILITY = YES;
				GCC_C_LANGUAGE_STANDARD = gnu99;
				GCC_DYNAMIC_NO_PIC = NO;
				GCC_NO_COMMON_BLOCKS = YES;
				GCC_OPTIMIZATION_LEVEL = 0;
				GCC_PREPROCESSOR_DEFINITIONS = (
					"DEBUG=1",
					"$(inherited)",
				);
				GCC_WARN_64_TO_32_BIT_CONVERSION = YES;
				GCC_WARN_ABOUT_RETURN_TYPE = YES_ERROR;
				GCC_WARN_UNDECLARED_SELECTOR = YES;
				GCC_WARN_UNINITIALIZED_AUTOS = YES_AGGRESSIVE;
				GCC_WARN_UNUSED_FUNCTION = YES;
				GCC_WARN_UNUSED_VARIABLE = YES;
				MACOSX_DEPLOYMENT_TARGET = 10.11;
				MTL_ENABLE_DEBUG_INFO = YES;
				ONLY_ACTIVE_ARCH = YES;
				SDKROOT = macosx;
				SWIFT_ACTIVE_COMPILATION_CONDITIONS = DEBUG;
				SWIFT_OPTIMIZATION_LEVEL = "-Onone";
			};
			name = Debug;
		};
		7D9AA2591DF35BBC0090069B /* Release */ = {
			isa = XCBuildConfiguration;
			buildSettings = {
				ALWAYS_SEARCH_USER_PATHS = NO;
				CLANG_ANALYZER_NONNULL = YES;
				CLANG_CXX_LANGUAGE_STANDARD = "gnu++0x";
				CLANG_CXX_LIBRARY = "libc++";
				CLANG_ENABLE_MODULES = YES;
				CLANG_ENABLE_OBJC_ARC = YES;
				CLANG_WARN_BOOL_CONVERSION = YES;
				CLANG_WARN_CONSTANT_CONVERSION = YES;
				CLANG_WARN_DIRECT_OBJC_ISA_USAGE = YES_ERROR;
				CLANG_WARN_DOCUMENTATION_COMMENTS = YES;
				CLANG_WARN_EMPTY_BODY = YES;
				CLANG_WARN_ENUM_CONVERSION = YES;
				CLANG_WARN_INFINITE_RECURSION = YES;
				CLANG_WARN_INT_CONVERSION = YES;
				CLANG_WARN_OBJC_ROOT_CLASS = YES_ERROR;
				CLANG_WARN_SUSPICIOUS_MOVES = YES;
				CLANG_WARN_UNREACHABLE_CODE = YES;
				CLANG_WARN__DUPLICATE_METHOD_MATCH = YES;
				CODE_SIGN_IDENTITY = "-";
				COPY_PHASE_STRIP = NO;
				DEBUG_INFORMATION_FORMAT = "dwarf-with-dsym";
				ENABLE_NS_ASSERTIONS = NO;
				ENABLE_STRICT_OBJC_MSGSEND = YES;
				GCC_C_LANGUAGE_STANDARD = gnu99;
				GCC_NO_COMMON_BLOCKS = YES;
				GCC_WARN_64_TO_32_BIT_CONVERSION = YES;
				GCC_WARN_ABOUT_RETURN_TYPE = YES_ERROR;
				GCC_WARN_UNDECLARED_SELECTOR = YES;
				GCC_WARN_UNINITIALIZED_AUTOS = YES_AGGRESSIVE;
				GCC_WARN_UNUSED_FUNCTION = YES;
				GCC_WARN_UNUSED_VARIABLE = YES;
				MACOSX_DEPLOYMENT_TARGET = 10.11;
				MTL_ENABLE_DEBUG_INFO = NO;
				SDKROOT = macosx;
				SWIFT_OPTIMIZATION_LEVEL = "-Owholemodule";
			};
			name = Release;
		};
		7D9AA25B1DF35BBC0090069B /* Debug */ = {
			isa = XCBuildConfiguration;
			buildSettings = {
				ASSETCATALOG_COMPILER_APPICON_NAME = AppIcon;
				COMBINE_HIDPI_IMAGES = YES;
				DEVELOPMENT_TEAM = ZL9X23XQ2Y;
				INFOPLIST_FILE = usotsuki/Info.plist;
				LD_RUNPATH_SEARCH_PATHS = "$(inherited) @executable_path/../Frameworks";
				PRODUCT_BUNDLE_IDENTIFIER = io.shick.usotsuki;
				PRODUCT_NAME = "$(TARGET_NAME)";
				SWIFT_VERSION = 3.0;
			};
			name = Debug;
		};
		7D9AA25C1DF35BBC0090069B /* Release */ = {
			isa = XCBuildConfiguration;
			buildSettings = {
				ASSETCATALOG_COMPILER_APPICON_NAME = AppIcon;
				COMBINE_HIDPI_IMAGES = YES;
				DEVELOPMENT_TEAM = ZL9X23XQ2Y;
				INFOPLIST_FILE = usotsuki/Info.plist;
				LD_RUNPATH_SEARCH_PATHS = "$(inherited) @executable_path/../Frameworks";
				PRODUCT_BUNDLE_IDENTIFIER = io.shick.usotsuki;
				PRODUCT_NAME = "$(TARGET_NAME)";
				SWIFT_VERSION = 3.0;
			};
			name = Release;
		};
		7D9AA25E1DF35BBC0090069B /* Debug */ = {
			isa = XCBuildConfiguration;
			buildSettings = {
				ALWAYS_EMBED_SWIFT_STANDARD_LIBRARIES = YES;
				BUNDLE_LOADER = "$(TEST_HOST)";
				COMBINE_HIDPI_IMAGES = YES;
				DEVELOPMENT_TEAM = ZL9X23XQ2Y;
				INFOPLIST_FILE = usotsukiTests/Info.plist;
				LD_RUNPATH_SEARCH_PATHS = "$(inherited) @executable_path/../Frameworks @loader_path/../Frameworks";
				PRODUCT_BUNDLE_IDENTIFIER = io.shick.usotsukiTests;
				PRODUCT_NAME = "$(TARGET_NAME)";
				SWIFT_VERSION = 3.0;
				TEST_HOST = "$(BUILT_PRODUCTS_DIR)/usotsuki.app/Contents/MacOS/usotsuki";
			};
			name = Debug;
		};
		7D9AA25F1DF35BBC0090069B /* Release */ = {
			isa = XCBuildConfiguration;
			buildSettings = {
				ALWAYS_EMBED_SWIFT_STANDARD_LIBRARIES = YES;
				BUNDLE_LOADER = "$(TEST_HOST)";
				COMBINE_HIDPI_IMAGES = YES;
				DEVELOPMENT_TEAM = ZL9X23XQ2Y;
				INFOPLIST_FILE = usotsukiTests/Info.plist;
				LD_RUNPATH_SEARCH_PATHS = "$(inherited) @executable_path/../Frameworks @loader_path/../Frameworks";
				PRODUCT_BUNDLE_IDENTIFIER = io.shick.usotsukiTests;
				PRODUCT_NAME = "$(TARGET_NAME)";
				SWIFT_VERSION = 3.0;
				TEST_HOST = "$(BUILT_PRODUCTS_DIR)/usotsuki.app/Contents/MacOS/usotsuki";
			};
			name = Release;
		};
/* End XCBuildConfiguration section */

/* Begin XCConfigurationList section */
		7D9AA23A1DF35BBC0090069B /* Build configuration list for PBXProject "usotsuki" */ = {
			isa = XCConfigurationList;
			buildConfigurations = (
				7D9AA2581DF35BBC0090069B /* Debug */,
				7D9AA2591DF35BBC0090069B /* Release */,
			);
			defaultConfigurationIsVisible = 0;
			defaultConfigurationName = Release;
		};
		7D9AA25A1DF35BBC0090069B /* Build configuration list for PBXNativeTarget "usotsuki" */ = {
			isa = XCConfigurationList;
			buildConfigurations = (
				7D9AA25B1DF35BBC0090069B /* Debug */,
				7D9AA25C1DF35BBC0090069B /* Release */,
			);
			defaultConfigurationIsVisible = 0;
			defaultConfigurationName = Release;
		};
		7D9AA25D1DF35BBC0090069B /* Build configuration list for PBXNativeTarget "usotsukiTests" */ = {
			isa = XCConfigurationList;
			buildConfigurations = (
				7D9AA25E1DF35BBC0090069B /* Debug */,
				7D9AA25F1DF35BBC0090069B /* Release */,
			);
			defaultConfigurationIsVisible = 0;
			defaultConfigurationName = Release;
		};
/* End XCConfigurationList section */

/* Begin XCVersionGroup section */
		7D9AA2441DF35BBC0090069B /* usotsuki.xcdatamodeld */ = {
			isa = XCVersionGroup;
			children = (
				7D9AA2451DF35BBC0090069B /* usotsuki.xcdatamodel */,
			);
			currentVersion = 7D9AA2451DF35BBC0090069B /* usotsuki.xcdatamodel */;
			path = usotsuki.xcdatamodeld;
			sourceTree = "<group>";
			versionGroupType = wrapper.xcdatamodel;
		};
/* End XCVersionGroup section */
	};
	rootObject = 7D9AA2371DF35BBC0090069B /* Project object */;
}
