// !$*UTF8*$!
{
	archiveVersion = 1;
	classes = {
	};
	objectVersion = 46;
	objects = {

/* Begin PBXBuildFile section */
		7D5D3F8A1DB519E4000DF49E /* AppDelegate.swift in Sources */ = {isa = PBXBuildFile; fileRef = 7D5D3F891DB519E4000DF49E /* AppDelegate.swift */; };
		7D5D3F8C1DB519E4000DF49E /* Assets.xcassets in Resources */ = {isa = PBXBuildFile; fileRef = 7D5D3F8B1DB519E4000DF49E /* Assets.xcassets */; };
		7D5D3F8F1DB519E4000DF49E /* MainMenu.xib in Resources */ = {isa = PBXBuildFile; fileRef = 7D5D3F8D1DB519E4000DF49E /* MainMenu.xib */; };
		7D5D3F981DB51A15000DF49E /* MainWindowController.swift in Sources */ = {isa = PBXBuildFile; fileRef = 7D5D3F961DB51A15000DF49E /* MainWindowController.swift */; };
		7D5D3F991DB51A15000DF49E /* MainWindowController.xib in Resources */ = {isa = PBXBuildFile; fileRef = 7D5D3F971DB51A15000DF49E /* MainWindowController.xib */; };
		7D5D3F9B1DB51B0A000DF49E /* DieView.swift in Sources */ = {isa = PBXBuildFile; fileRef = 7D5D3F9A1DB51B0A000DF49E /* DieView.swift */; };
/* End PBXBuildFile section */

/* Begin PBXFileReference section */
		7D5D3F861DB519E4000DF49E /* Dice.app */ = {isa = PBXFileReference; explicitFileType = wrapper.application; includeInIndex = 0; path = Dice.app; sourceTree = BUILT_PRODUCTS_DIR; };
		7D5D3F891DB519E4000DF49E /* AppDelegate.swift */ = {isa = PBXFileReference; lastKnownFileType = sourcecode.swift; path = AppDelegate.swift; sourceTree = "<group>"; };
		7D5D3F8B1DB519E4000DF49E /* Assets.xcassets */ = {isa = PBXFileReference; lastKnownFileType = folder.assetcatalog; path = Assets.xcassets; sourceTree = "<group>"; };
		7D5D3F8E1DB519E4000DF49E /* Base */ = {isa = PBXFileReference; lastKnownFileType = file.xib; name = Base; path = Base.lproj/MainMenu.xib; sourceTree = "<group>"; };
		7D5D3F901DB519E4000DF49E /* Info.plist */ = {isa = PBXFileReference; lastKnownFileType = text.plist.xml; path = Info.plist; sourceTree = "<group>"; };
		7D5D3F961DB51A15000DF49E /* MainWindowController.swift */ = {isa = PBXFileReference; fileEncoding = 4; lastKnownFileType = sourcecode.swift; path = MainWindowController.swift; sourceTree = "<group>"; };
		7D5D3F971DB51A15000DF49E /* MainWindowController.xib */ = {isa = PBXFileReference; fileEncoding = 4; lastKnownFileType = file.xib; path = MainWindowController.xib; sourceTree = "<group>"; };
		7D5D3F9A1DB51B0A000DF49E /* DieView.swift */ = {isa = PBXFileReference; fileEncoding = 4; lastKnownFileType = sourcecode.swift; path = DieView.swift; sourceTree = "<group>"; };
/* End PBXFileReference section */

/* Begin PBXFrameworksBuildPhase section */
		7D5D3F831DB519E4000DF49E /* Frameworks */ = {
			isa = PBXFrameworksBuildPhase;
			buildActionMask = 2147483647;
			files = (
			);
			runOnlyForDeploymentPostprocessing = 0;
		};
/* End PBXFrameworksBuildPhase section */

/* Begin PBXGroup section */
		7D5D3F7D1DB519E4000DF49E = {
			isa = PBXGroup;
			children = (
				7D5D3F881DB519E4000DF49E /* Dice */,
				7D5D3F871DB519E4000DF49E /* Products */,
			);
			sourceTree = "<group>";
		};
		7D5D3F871DB519E4000DF49E /* Products */ = {
			isa = PBXGroup;
			children = (
				7D5D3F861DB519E4000DF49E /* Dice.app */,
			);
			name = Products;
			sourceTree = "<group>";
		};
		7D5D3F881DB519E4000DF49E /* Dice */ = {
			isa = PBXGroup;
			children = (
				7D5D3F891DB519E4000DF49E /* AppDelegate.swift */,
				7D5D3F8B1DB519E4000DF49E /* Assets.xcassets */,
				7D5D3F8D1DB519E4000DF49E /* MainMenu.xib */,
				7D5D3F961DB51A15000DF49E /* MainWindowController.swift */,
				7D5D3F9A1DB51B0A000DF49E /* DieView.swift */,
				7D5D3F971DB51A15000DF49E /* MainWindowController.xib */,
				7D5D3F901DB519E4000DF49E /* Info.plist */,
			);
			path = Dice;
			sourceTree = "<group>";
		};
/* End PBXGroup section */

/* Begin PBXNativeTarget section */
		7D5D3F851DB519E4000DF49E /* Dice */ = {
			isa = PBXNativeTarget;
			buildConfigurationList = 7D5D3F931DB519E4000DF49E /* Build configuration list for PBXNativeTarget "Dice" */;
			buildPhases = (
				7D5D3F821DB519E4000DF49E /* Sources */,
				7D5D3F831DB519E4000DF49E /* Frameworks */,
				7D5D3F841DB519E4000DF49E /* Resources */,
			);
			buildRules = (
			);
			dependencies = (
			);
			name = Dice;
			productName = Dice;
			productReference = 7D5D3F861DB519E4000DF49E /* Dice.app */;
			productType = "com.apple.product-type.application";
		};
/* End PBXNativeTarget section */

/* Begin PBXProject section */
		7D5D3F7E1DB519E4000DF49E /* Project object */ = {
			isa = PBXProject;
			attributes = {
				LastSwiftUpdateCheck = 0800;
				LastUpgradeCheck = 0800;
				ORGANIZATIONNAME = "Trever Shick";
				TargetAttributes = {
					7D5D3F851DB519E4000DF49E = {
						CreatedOnToolsVersion = 8.0;
						DevelopmentTeam = ZL9X23XQ2Y;
						ProvisioningStyle = Automatic;
					};
				};
			};
			buildConfigurationList = 7D5D3F811DB519E4000DF49E /* Build configuration list for PBXProject "Dice" */;
			compatibilityVersion = "Xcode 3.2";
			developmentRegion = English;
			hasScannedForEncodings = 0;
			knownRegions = (
				en,
				Base,
			);
			mainGroup = 7D5D3F7D1DB519E4000DF49E;
			productRefGroup = 7D5D3F871DB519E4000DF49E /* Products */;
			projectDirPath = "";
			projectRoot = "";
			targets = (
				7D5D3F851DB519E4000DF49E /* Dice */,
			);
		};
/* End PBXProject section */

/* Begin PBXResourcesBuildPhase section */
		7D5D3F841DB519E4000DF49E /* Resources */ = {
			isa = PBXResourcesBuildPhase;
			buildActionMask = 2147483647;
			files = (
				7D5D3F8C1DB519E4000DF49E /* Assets.xcassets in Resources */,
				7D5D3F991DB51A15000DF49E /* MainWindowController.xib in Resources */,
				7D5D3F8F1DB519E4000DF49E /* MainMenu.xib in Resources */,
			);
			runOnlyForDeploymentPostprocessing = 0;
		};
/* End PBXResourcesBuildPhase section */

/* Begin PBXSourcesBuildPhase section */
		7D5D3F821DB519E4000DF49E /* Sources */ = {
			isa = PBXSourcesBuildPhase;
			buildActionMask = 2147483647;
			files = (
				7D5D3F981DB51A15000DF49E /* MainWindowController.swift in Sources */,
				7D5D3F8A1DB519E4000DF49E /* AppDelegate.swift in Sources */,
				7D5D3F9B1DB51B0A000DF49E /* DieView.swift in Sources */,
			);
			runOnlyForDeploymentPostprocessing = 0;
		};
/* End PBXSourcesBuildPhase section */

/* Begin PBXVariantGroup section */
		7D5D3F8D1DB519E4000DF49E /* MainMenu.xib */ = {
			isa = PBXVariantGroup;
			children = (
				7D5D3F8E1DB519E4000DF49E /* Base */,
			);
			name = MainMenu.xib;
			sourceTree = "<group>";
		};
/* End PBXVariantGroup section */

/* Begin XCBuildConfiguration section */
		7D5D3F911DB519E4000DF49E /* Debug */ = {
			isa = XCBuildConfiguration;
			buildSettings = {
				ALWAYS_SEARCH_USER_PATHS = NO;
				CLANG_ANALYZER_NONNULL = YES;
				CLANG_CXX_LANGUAGE_STANDARD = "gnu++0x";
				CLANG_CXX_LIBRARY = "libc++";
				CLANG_ENABLE_MODULES = YES;
				CLANG_ENABLE_OBJC_ARC = YES;
				CLANG_WARN_BOOL_CONVERSION = YES;
				CLANG_WARN_CONSTANT_CONVERSION = YES;
				CLANG_WARN_DIRECT_OBJC_ISA_USAGE = YES_ERROR;
				CLANG_WARN_DOCUMENTATION_COMMENTS = YES;
				CLANG_WARN_EMPTY_BODY = YES;
				CLANG_WARN_ENUM_CONVERSION = YES;
				CLANG_WARN_INFINITE_RECURSION = YES;
				CLANG_WARN_INT_CONVERSION = YES;
				CLANG_WARN_OBJC_ROOT_CLASS = YES_ERROR;
				CLANG_WARN_SUSPICIOUS_MOVES = YES;
				CLANG_WARN_UNREACHABLE_CODE = YES;
				CLANG_WARN__DUPLICATE_METHOD_MATCH = YES;
				CODE_SIGN_IDENTITY = "-";
				COPY_PHASE_STRIP = NO;
				DEBUG_INFORMATION_FORMAT = dwarf;
				ENABLE_STRICT_OBJC_MSGSEND = YES;
				ENABLE_TESTABILITY = YES;
				GCC_C_LANGUAGE_STANDARD = gnu99;
				GCC_DYNAMIC_NO_PIC = NO;
				GCC_NO_COMMON_BLOCKS = YES;
				GCC_OPTIMIZATION_LEVEL = 0;
				GCC_PREPROCESSOR_DEFINITIONS = (
					"DEBUG=1",
					"$(inherited)",
				);
				GCC_WARN_64_TO_32_BIT_CONVERSION = YES;
				GCC_WARN_ABOUT_RETURN_TYPE = YES_ERROR;
				GCC_WARN_UNDECLARED_SELECTOR = YES;
				GCC_WARN_UNINITIALIZED_AUTOS = YES_AGGRESSIVE;
				GCC_WARN_UNUSED_FUNCTION = YES;
				GCC_WARN_UNUSED_VARIABLE = YES;
				MACOSX_DEPLOYMENT_TARGET = 10.11;
				MTL_ENABLE_DEBUG_INFO = YES;
				ONLY_ACTIVE_ARCH = YES;
				SDKROOT = macosx;
				SWIFT_ACTIVE_COMPILATION_CONDITIONS = DEBUG;
				SWIFT_OPTIMIZATION_LEVEL = "-Onone";
			};
			name = Debug;
		};
		7D5D3F921DB519E4000DF49E /* Release */ = {
			isa = XCBuildConfiguration;
			buildSettings = {
				ALWAYS_SEARCH_USER_PATHS = NO;
				CLANG_ANALYZER_NONNULL = YES;
				CLANG_CXX_LANGUAGE_STANDARD = "gnu++0x";
				CLANG_CXX_LIBRARY = "libc++";
				CLANG_ENABLE_MODULES = YES;
				CLANG_ENABLE_OBJC_ARC = YES;
				CLANG_WARN_BOOL_CONVERSION = YES;
				CLANG_WARN_CONSTANT_CONVERSION = YES;
				CLANG_WARN_DIRECT_OBJC_ISA_USAGE = YES_ERROR;
				CLANG_WARN_DOCUMENTATION_COMMENTS = YES;
				CLANG_WARN_EMPTY_BODY = YES;
				CLANG_WARN_ENUM_CONVERSION = YES;
				CLANG_WARN_INFINITE_RECURSION = YES;
				CLANG_WARN_INT_CONVERSION = YES;
				CLANG_WARN_OBJC_ROOT_CLASS = YES_ERROR;
				CLANG_WARN_SUSPICIOUS_MOVES = YES;
				CLANG_WARN_UNREACHABLE_CODE = YES;
				CLANG_WARN__DUPLICATE_METHOD_MATCH = YES;
				CODE_SIGN_IDENTITY = "-";
				COPY_PHASE_STRIP = NO;
				DEBUG_INFORMATION_FORMAT = "dwarf-with-dsym";
				ENABLE_NS_ASSERTIONS = NO;
				ENABLE_STRICT_OBJC_MSGSEND = YES;
				GCC_C_LANGUAGE_STANDARD = gnu99;
				GCC_NO_COMMON_BLOCKS = YES;
				GCC_WARN_64_TO_32_BIT_CONVERSION = YES;
				GCC_WARN_ABOUT_RETURN_TYPE = YES_ERROR;
				GCC_WARN_UNDECLARED_SELECTOR = YES;
				GCC_WARN_UNINITIALIZED_AUTOS = YES_AGGRESSIVE;
				GCC_WARN_UNUSED_FUNCTION = YES;
				GCC_WARN_UNUSED_VARIABLE = YES;
				MACOSX_DEPLOYMENT_TARGET = 10.11;
				MTL_ENABLE_DEBUG_INFO = NO;
				SDKROOT = macosx;
				SWIFT_OPTIMIZATION_LEVEL = "-Owholemodule";
			};
			name = Release;
		};
		7D5D3F941DB519E4000DF49E /* Debug */ = {
			isa = XCBuildConfiguration;
			buildSettings = {
				ASSETCATALOG_COMPILER_APPICON_NAME = AppIcon;
				COMBINE_HIDPI_IMAGES = YES;
				DEVELOPMENT_TEAM = ZL9X23XQ2Y;
				INFOPLIST_FILE = Dice/Info.plist;
				LD_RUNPATH_SEARCH_PATHS = "$(inherited) @executable_path/../Frameworks";
				PRODUCT_BUNDLE_IDENTIFIER = io.shick.Dice;
				PRODUCT_NAME = "$(TARGET_NAME)";
				SWIFT_VERSION = 3.0;
			};
			name = Debug;
		};
		7D5D3F951DB519E4000DF49E /* Release */ = {
			isa = XCBuildConfiguration;
			buildSettings = {
				ASSETCATALOG_COMPILER_APPICON_NAME = AppIcon;
				COMBINE_HIDPI_IMAGES = YES;
				DEVELOPMENT_TEAM = ZL9X23XQ2Y;
				INFOPLIST_FILE = Dice/Info.plist;
				LD_RUNPATH_SEARCH_PATHS = "$(inherited) @executable_path/../Frameworks";
				PRODUCT_BUNDLE_IDENTIFIER = io.shick.Dice;
				PRODUCT_NAME = "$(TARGET_NAME)";
				SWIFT_VERSION = 3.0;
			};
			name = Release;
		};
/* End XCBuildConfiguration section */

/* Begin XCConfigurationList section */
		7D5D3F811DB519E4000DF49E /* Build configuration list for PBXProject "Dice" */ = {
			isa = XCConfigurationList;
			buildConfigurations = (
				7D5D3F911DB519E4000DF49E /* Debug */,
				7D5D3F921DB519E4000DF49E /* Release */,
			);
			defaultConfigurationIsVisible = 0;
			defaultConfigurationName = Release;
		};
		7D5D3F931DB519E4000DF49E /* Build configuration list for PBXNativeTarget "Dice" */ = {
			isa = XCConfigurationList;
			buildConfigurations = (
				7D5D3F941DB519E4000DF49E /* Debug */,
				7D5D3F951DB519E4000DF49E /* Release */,
			);
			defaultConfigurationIsVisible = 0;
			defaultConfigurationName = Release;
		};
/* End XCConfigurationList section */
	};
	rootObject = 7D5D3F7E1DB519E4000DF49E /* Project object */;
}
